
Microsoft Visual Studio Solution File, Format Version 12.00
# Visual Studio Version 16
VisualStudioVersion = 16.0.30204.135
MinimumVisualStudioVersion = 10.0.40219.1
Project("{FAE04EC0-301F-11D3-BF4B-00C04F79EFBC}") = "TrainerFramework", "TrainerFramework\TrainerFramework.csproj", "{0E3526DD-7FB9-4C70-8BDE-EF388EC403B2}"
EndProject
Global
	GlobalSection(SolutionConfigurationPlatforms) = preSolution
		Debug|Any CPU = Debug|Any CPU
		Release|Any CPU = Release|Any CPU
	EndGlobalSection
	GlobalSection(ProjectConfigurationPlatforms) = postSolution
		{0E3526DD-7FB9-4C70-8BDE-EF388EC403B2}.Debug|Any CPU.ActiveCfg = Debug|Any CPU
		{0E3526DD-7FB9-4C70-8BDE-EF388EC403B2}.Debug|Any CPU.Build.0 = Debug|Any CPU
		{0E3526DD-7FB9-4C70-8BDE-EF388EC403B2}.Release|Any CPU.ActiveCfg = Release|Any CPU
		{0E3526DD-7FB9-4C70-8BDE-EF388EC403B2}.Release|Any CPU.Build.0 = Release|Any CPU
	EndGlobalSection
	GlobalSection(SolutionProperties) = preSolution
		HideSolutionNode = FALSE
	EndGlobalSection
	GlobalSection(ExtensibilityGlobals) = postSolution
		SolutionGuid = {E4530059-A9E8-4EAA-AC92-CFCF75B0F734}
	EndGlobalSection
EndGlobal
